// !$*UTF8*$!
{
	archiveVersion = 1;
	classes = {
	};
	objectVersion = 46;
	objects = {

/* Begin PBXBuildFile section */
		41014D1E1AAEE0EA00EF6E21 /* Foundation.framework in Frameworks */ = {isa = PBXBuildFile; fileRef = 41014D1D1AAEE0EA00EF6E21 /* Foundation.framework */; };
		41014D201AAEE0EA00EF6E21 /* CoreGraphics.framework in Frameworks */ = {isa = PBXBuildFile; fileRef = 41014D1F1AAEE0EA00EF6E21 /* CoreGraphics.framework */; };
		41014D221AAEE0EA00EF6E21 /* UIKit.framework in Frameworks */ = {isa = PBXBuildFile; fileRef = 41014D211AAEE0EA00EF6E21 /* UIKit.framework */; };
		41014D281AAEE0EA00EF6E21 /* InfoPlist.strings in Resources */ = {isa = PBXBuildFile; fileRef = 41014D261AAEE0EA00EF6E21 /* InfoPlist.strings */; };
		41014D2A1AAEE0EA00EF6E21 /* main.m in Sources */ = {isa = PBXBuildFile; fileRef = 41014D291AAEE0EA00EF6E21 /* main.m */; };
		41014D2E1AAEE0EA00EF6E21 /* AppDelegate.m in Sources */ = {isa = PBXBuildFile; fileRef = 41014D2D1AAEE0EA00EF6E21 /* AppDelegate.m */; };
		41014D301AAEE0EA00EF6E21 /* Images.xcassets in Resources */ = {isa = PBXBuildFile; fileRef = 41014D2F1AAEE0EA00EF6E21 /* Images.xcassets */; };
		41014D371AAEE0EA00EF6E21 /* XCTest.framework in Frameworks */ = {isa = PBXBuildFile; fileRef = 41014D361AAEE0EA00EF6E21 /* XCTest.framework */; };
		41014D381AAEE0EA00EF6E21 /* Foundation.framework in Frameworks */ = {isa = PBXBuildFile; fileRef = 41014D1D1AAEE0EA00EF6E21 /* Foundation.framework */; };
		41014D391AAEE0EA00EF6E21 /* UIKit.framework in Frameworks */ = {isa = PBXBuildFile; fileRef = 41014D211AAEE0EA00EF6E21 /* UIKit.framework */; };
		41014D411AAEE0EA00EF6E21 /* InfoPlist.strings in Resources */ = {isa = PBXBuildFile; fileRef = 41014D3F1AAEE0EA00EF6E21 /* InfoPlist.strings */; };
		41014D431AAEE0EA00EF6E21 /* __2Tests.m in Sources */ = {isa = PBXBuildFile; fileRef = 41014D421AAEE0EA00EF6E21 /* __2Tests.m */; };
/* End PBXBuildFile section */

/* Begin PBXContainerItemProxy section */
		41014D3A1AAEE0EA00EF6E21 /* PBXContainerItemProxy */ = {
			isa = PBXContainerItemProxy;
			containerPortal = 41014D121AAEE0E900EF6E21 /* Project object */;
			proxyType = 1;
			remoteGlobalIDString = 41014D191AAEE0EA00EF6E21;
			remoteInfo = "练习2";
		};
/* End PBXContainerItemProxy section */

/* Begin PBXFileReference section */
		41014D1A1AAEE0EA00EF6E21 /* 练习2.app */ = {isa = PBXFileReference; explicitFileType = wrapper.application; includeInIndex = 0; path = "练习2.app"; sourceTree = BUILT_PRODUCTS_DIR; };
		41014D1D1AAEE0EA00EF6E21 /* Foundation.framework */ = {isa = PBXFileReference; lastKnownFileType = wrapper.framework; name = Foundation.framework; path = System/Library/Frameworks/Foundation.framework; sourceTree = SDKROOT; };
		41014D1F1AAEE0EA00EF6E21 /* CoreGraphics.framework */ = {isa = PBXFileReference; lastKnownFileType = wrapper.framework; name = CoreGraphics.framework; path = System/Library/Frameworks/CoreGraphics.framework; sourceTree = SDKROOT; };
		41014D211AAEE0EA00EF6E21 /* UIKit.framework */ = {isa = PBXFileReference; lastKnownFileType = wrapper.framework; name = UIKit.framework; path = System/Library/Frameworks/UIKit.framework; sourceTree = SDKROOT; };
		41014D251AAEE0EA00EF6E21 /* 练习2-Info.plist */ = {isa = PBXFileReference; lastKnownFileType = text.plist.xml; path = "练习2-Info.plist"; sourceTree = "<group>"; };
		41014D271AAEE0EA00EF6E21 /* en */ = {isa = PBXFileReference; lastKnownFileType = text.plist.strings; name = en; path = en.lproj/InfoPlist.strings; sourceTree = "<group>"; };
		41014D291AAEE0EA00EF6E21 /* main.m */ = {isa = PBXFileReference; lastKnownFileType = sourcecode.c.objc; path = main.m; sourceTree = "<group>"; };
		41014D2B1AAEE0EA00EF6E21 /* 练习2-Prefix.pch */ = {isa = PBXFileReference; lastKnownFileType = sourcecode.c.h; path = "练习2-Prefix.pch"; sourceTree = "<group>"; };
		41014D2C1AAEE0EA00EF6E21 /* AppDelegate.h */ = {isa = PBXFileReference; lastKnownFileType = sourcecode.c.h; path = AppDelegate.h; sourceTree = "<group>"; };
		41014D2D1AAEE0EA00EF6E21 /* AppDelegate.m */ = {isa = PBXFileReference; lastKnownFileType = sourcecode.c.objc; path = AppDelegate.m; sourceTree = "<group>"; };
		41014D2F1AAEE0EA00EF6E21 /* Images.xcassets */ = {isa = PBXFileReference; lastKnownFileType = folder.assetcatalog; path = Images.xcassets; sourceTree = "<group>"; };
		41014D351AAEE0EA00EF6E21 /* 练习2Tests.xctest */ = {isa = PBXFileReference; explicitFileType = wrapper.cfbundle; includeInIndex = 0; path = "练习2Tests.xctest"; sourceTree = BUILT_PRODUCTS_DIR; };
		41014D361AAEE0EA00EF6E21 /* XCTest.framework */ = {isa = PBXFileReference; lastKnownFileType = wrapper.framework; name = XCTest.framework; path = Library/Frameworks/XCTest.framework; sourceTree = DEVELOPER_DIR; };
		41014D3E1AAEE0EA00EF6E21 /* 练习2Tests-Info.plist */ = {isa = PBXFileReference; lastKnownFileType = text.plist.xml; path = "练习2Tests-Info.plist"; sourceTree = "<group>"; };
		41014D401AAEE0EA00EF6E21 /* en */ = {isa = PBXFileReference; lastKnownFileType = text.plist.strings; name = en; path = en.lproj/InfoPlist.strings; sourceTree = "<group>"; };
		41014D421AAEE0EA00EF6E21 /* __2Tests.m */ = {isa = PBXFileReference; lastKnownFileType = sourcecode.c.objc; path = __2Tests.m; sourceTree = "<group>"; };
/* End PBXFileReference section */

/* Begin PBXFrameworksBuildPhase section */
		41014D171AAEE0EA00EF6E21 /* Frameworks */ = {
			isa = PBXFrameworksBuildPhase;
			buildActionMask = 2147483647;
			files = (
				41014D201AAEE0EA00EF6E21 /* CoreGraphics.framework in Frameworks */,
				41014D221AAEE0EA00EF6E21 /* UIKit.framework in Frameworks */,
				41014D1E1AAEE0EA00EF6E21 /* Foundation.framework in Frameworks */,
			);
			runOnlyForDeploymentPostprocessing = 0;
		};
		41014D321AAEE0EA00EF6E21 /* Frameworks */ = {
			isa = PBXFrameworksBuildPhase;
			buildActionMask = 2147483647;
			files = (
				41014D371AAEE0EA00EF6E21 /* XCTest.framework in Frameworks */,
				41014D391AAEE0EA00EF6E21 /* UIKit.framework in Frameworks */,
				41014D381AAEE0EA00EF6E21 /* Foundation.framework in Frameworks */,
			);
			runOnlyForDeploymentPostprocessing = 0;
		};
/* End PBXFrameworksBuildPhase section */

/* Begin PBXGroup section */
		41014D111AAEE0E900EF6E21 = {
			isa = PBXGroup;
			children = (
				41014D231AAEE0EA00EF6E21 /* 练习2 */,
				41014D3C1AAEE0EA00EF6E21 /* 练习2Tests */,
				41014D1C1AAEE0EA00EF6E21 /* Frameworks */,
				41014D1B1AAEE0EA00EF6E21 /* Products */,
			);
			sourceTree = "<group>";
		};
		41014D1B1AAEE0EA00EF6E21 /* Products */ = {
			isa = PBXGroup;
			children = (
				41014D1A1AAEE0EA00EF6E21 /* 练习2.app */,
				41014D351AAEE0EA00EF6E21 /* 练习2Tests.xctest */,
			);
			name = Products;
			sourceTree = "<group>";
		};
		41014D1C1AAEE0EA00EF6E21 /* Frameworks */ = {
			isa = PBXGroup;
			children = (
				41014D1D1AAEE0EA00EF6E21 /* Foundation.framework */,
				41014D1F1AAEE0EA00EF6E21 /* CoreGraphics.framework */,
				41014D211AAEE0EA00EF6E21 /* UIKit.framework */,
				41014D361AAEE0EA00EF6E21 /* XCTest.framework */,
			);
			name = Frameworks;
			sourceTree = "<group>";
		};
		41014D231AAEE0EA00EF6E21 /* 练习2 */ = {
			isa = PBXGroup;
			children = (
				41014D2C1AAEE0EA00EF6E21 /* AppDelegate.h */,
				41014D2D1AAEE0EA00EF6E21 /* AppDelegate.m */,
				41014D2F1AAEE0EA00EF6E21 /* Images.xcassets */,
				41014D241AAEE0EA00EF6E21 /* Supporting Files */,
			);
			path = "练习2";
			sourceTree = "<group>";
		};
		41014D241AAEE0EA00EF6E21 /* Supporting Files */ = {
			isa = PBXGroup;
			children = (
				41014D251AAEE0EA00EF6E21 /* 练习2-Info.plist */,
				41014D261AAEE0EA00EF6E21 /* InfoPlist.strings */,
				41014D291AAEE0EA00EF6E21 /* main.m */,
				41014D2B1AAEE0EA00EF6E21 /* 练习2-Prefix.pch */,
			);
			name = "Supporting Files";
			sourceTree = "<group>";
		};
		41014D3C1AAEE0EA00EF6E21 /* 练习2Tests */ = {
			isa = PBXGroup;
			children = (
				41014D421AAEE0EA00EF6E21 /* __2Tests.m */,
				41014D3D1AAEE0EA00EF6E21 /* Supporting Files */,
			);
			path = "练习2Tests";
			sourceTree = "<group>";
		};
		41014D3D1AAEE0EA00EF6E21 /* Supporting Files */ = {
			isa = PBXGroup;
			children = (
				41014D3E1AAEE0EA00EF6E21 /* 练习2Tests-Info.plist */,
				41014D3F1AAEE0EA00EF6E21 /* InfoPlist.strings */,
			);
			name = "Supporting Files";
			sourceTree = "<group>";
		};
/* End PBXGroup section */

/* Begin PBXNativeTarget section */
		41014D191AAEE0EA00EF6E21 /* 练习2 */ = {
			isa = PBXNativeTarget;
			buildConfigurationList = 41014D461AAEE0EA00EF6E21 /* Build configuration list for PBXNativeTarget "练习2" */;
			buildPhases = (
				41014D161AAEE0EA00EF6E21 /* Sources */,
				41014D171AAEE0EA00EF6E21 /* Frameworks */,
				41014D181AAEE0EA00EF6E21 /* Resources */,
			);
			buildRules = (
			);
			dependencies = (
			);
			name = "练习2";
			productName = "练习2";
			productReference = 41014D1A1AAEE0EA00EF6E21 /* 练习2.app */;
			productType = "com.apple.product-type.application";
		};
		41014D341AAEE0EA00EF6E21 /* 练习2Tests */ = {
			isa = PBXNativeTarget;
			buildConfigurationList = 41014D491AAEE0EA00EF6E21 /* Build configuration list for PBXNativeTarget "练习2Tests" */;
			buildPhases = (
				41014D311AAEE0EA00EF6E21 /* Sources */,
				41014D321AAEE0EA00EF6E21 /* Frameworks */,
				41014D331AAEE0EA00EF6E21 /* Resources */,
			);
			buildRules = (
			);
			dependencies = (
				41014D3B1AAEE0EA00EF6E21 /* PBXTargetDependency */,
			);
			name = "练习2Tests";
			productName = "练习2Tests";
			productReference = 41014D351AAEE0EA00EF6E21 /* 练习2Tests.xctest */;
			productType = "com.apple.product-type.bundle.unit-test";
		};
/* End PBXNativeTarget section */

/* Begin PBXProject section */
		41014D121AAEE0E900EF6E21 /* Project object */ = {
			isa = PBXProject;
			attributes = {
				LastUpgradeCheck = 0510;
				ORGANIZATIONNAME = youtu;
				TargetAttributes = {
					41014D341AAEE0EA00EF6E21 = {
						TestTargetID = 41014D191AAEE0EA00EF6E21;
					};
				};
			};
			buildConfigurationList = 41014D151AAEE0EA00EF6E21 /* Build configuration list for PBXProject "练习2" */;
			compatibilityVersion = "Xcode 3.2";
			developmentRegion = English;
			hasScannedForEncodings = 0;
			knownRegions = (
				en,
			);
			mainGroup = 41014D111AAEE0E900EF6E21;
			productRefGroup = 41014D1B1AAEE0EA00EF6E21 /* Products */;
			projectDirPath = "";
			projectRoot = "";
			targets = (
				41014D191AAEE0EA00EF6E21 /* 练习2 */,
				41014D341AAEE0EA00EF6E21 /* 练习2Tests */,
			);
		};
/* End PBXProject section */

/* Begin PBXResourcesBuildPhase section */
		41014D181AAEE0EA00EF6E21 /* Resources */ = {
			isa = PBXResourcesBuildPhase;
			buildActionMask = 2147483647;
			files = (
				41014D281AAEE0EA00EF6E21 /* InfoPlist.strings in Resources */,
				41014D301AAEE0EA00EF6E21 /* Images.xcassets in Resources */,
			);
			runOnlyForDeploymentPostprocessing = 0;
		};
		41014D331AAEE0EA00EF6E21 /* Resources */ = {
			isa = PBXResourcesBuildPhase;
			buildActionMask = 2147483647;
			files = (
				41014D411AAEE0EA00EF6E21 /* InfoPlist.strings in Resources */,
			);
			runOnlyForDeploymentPostprocessing = 0;
		};
/* End PBXResourcesBuildPhase section */

/* Begin PBXSourcesBuildPhase section */
		41014D161AAEE0EA00EF6E21 /* Sources */ = {
			isa = PBXSourcesBuildPhase;
			buildActionMask = 2147483647;
			files = (
				41014D2E1AAEE0EA00EF6E21 /* AppDelegate.m in Sources */,
				41014D2A1AAEE0EA00EF6E21 /* main.m in Sources */,
			);
			runOnlyForDeploymentPostprocessing = 0;
		};
		41014D311AAEE0EA00EF6E21 /* Sources */ = {
			isa = PBXSourcesBuildPhase;
			buildActionMask = 2147483647;
			files = (
				41014D431AAEE0EA00EF6E21 /* __2Tests.m in Sources */,
			);
			runOnlyForDeploymentPostprocessing = 0;
		};
/* End PBXSourcesBuildPhase section */

/* Begin PBXTargetDependency section */
		41014D3B1AAEE0EA00EF6E21 /* PBXTargetDependency */ = {
			isa = PBXTargetDependency;
			target = 41014D191AAEE0EA00EF6E21 /* 练习2 */;
			targetProxy = 41014D3A1AAEE0EA00EF6E21 /* PBXContainerItemProxy */;
		};
/* End PBXTargetDependency section */

/* Begin PBXVariantGroup section */
		41014D261AAEE0EA00EF6E21 /* InfoPlist.strings */ = {
			isa = PBXVariantGroup;
			children = (
				41014D271AAEE0EA00EF6E21 /* en */,
			);
			name = InfoPlist.strings;
			sourceTree = "<group>";
		};
		41014D3F1AAEE0EA00EF6E21 /* InfoPlist.strings */ = {
			isa = PBXVariantGroup;
			children = (
				41014D401AAEE0EA00EF6E21 /* en */,
			);
			name = InfoPlist.strings;
			sourceTree = "<group>";
		};
/* End PBXVariantGroup section */

/* Begin XCBuildConfiguration section */
		41014D441AAEE0EA00EF6E21 /* Debug */ = {
			isa = XCBuildConfiguration;
			buildSettings = {
				ALWAYS_SEARCH_USER_PATHS = NO;
				CLANG_CXX_LANGUAGE_STANDARD = "gnu++0x";
				CLANG_CXX_LIBRARY = "libc++";
				CLANG_ENABLE_MODULES = YES;
				CLANG_ENABLE_OBJC_ARC = YES;
				CLANG_WARN_BOOL_CONVERSION = YES;
				CLANG_WARN_CONSTANT_CONVERSION = YES;
				CLANG_WARN_DIRECT_OBJC_ISA_USAGE = YES_ERROR;
				CLANG_WARN_EMPTY_BODY = YES;
				CLANG_WARN_ENUM_CONVERSION = YES;
				CLANG_WARN_INT_CONVERSION = YES;
				CLANG_WARN_OBJC_ROOT_CLASS = YES_ERROR;
				CLANG_WARN__DUPLICATE_METHOD_MATCH = YES;
				"CODE_SIGN_IDENTITY[sdk=iphoneos*]" = "iPhone Developer";
				COPY_PHASE_STRIP = NO;
				GCC_C_LANGUAGE_STANDARD = gnu99;
				GCC_DYNAMIC_NO_PIC = NO;
				GCC_OPTIMIZATION_LEVEL = 0;
				GCC_PREPROCESSOR_DEFINITIONS = (
					"DEBUG=1",
					"$(inherited)",
				);
				GCC_SYMBOLS_PRIVATE_EXTERN = NO;
				GCC_WARN_64_TO_32_BIT_CONVERSION = YES;
				GCC_WARN_ABOUT_RETURN_TYPE = YES_ERROR;
				GCC_WARN_UNDECLARED_SELECTOR = YES;
				GCC_WARN_UNINITIALIZED_AUTOS = YES_AGGRESSIVE;
				GCC_WARN_UNUSED_FUNCTION = YES;
				GCC_WARN_UNUSED_VARIABLE = YES;
				IPHONEOS_DEPLOYMENT_TARGET = 7.1;
				ONLY_ACTIVE_ARCH = YES;
				SDKROOT = iphoneos;
			};
			name = Debug;
		};
		41014D451AAEE0EA00EF6E21 /* Release */ = {
			isa = XCBuildConfiguration;
			buildSettings = {
				ALWAYS_SEARCH_USER_PATHS = NO;
				CLANG_CXX_LANGUAGE_STANDARD = "gnu++0x";
				CLANG_CXX_LIBRARY = "libc++";
				CLANG_ENABLE_MODULES = YES;
				CLANG_ENABLE_OBJC_ARC = YES;
				CLANG_WARN_BOOL_CONVERSION = YES;
				CLANG_WARN_CONSTANT_CONVERSION = YES;
				CLANG_WARN_DIRECT_OBJC_ISA_USAGE = YES_ERROR;
				CLANG_WARN_EMPTY_BODY = YES;
				CLANG_WARN_ENUM_CONVERSION = YES;
				CLANG_WARN_INT_CONVERSION = YES;
				CLANG_WARN_OBJC_ROOT_CLASS = YES_ERROR;
				CLANG_WARN__DUPLICATE_METHOD_MATCH = YES;
				"CODE_SIGN_IDENTITY[sdk=iphoneos*]" = "iPhone Developer";
				COPY_PHASE_STRIP = YES;
				ENABLE_NS_ASSERTIONS = NO;
				GCC_C_LANGUAGE_STANDARD = gnu99;
				GCC_WARN_64_TO_32_BIT_CONVERSION = YES;
				GCC_WARN_ABOUT_RETURN_TYPE = YES_ERROR;
				GCC_WARN_UNDECLARED_SELECTOR = YES;
				GCC_WARN_UNINITIALIZED_AUTOS = YES_AGGRESSIVE;
				GCC_WARN_UNUSED_FUNCTION = YES;
				GCC_WARN_UNUSED_VARIABLE = YES;
				IPHONEOS_DEPLOYMENT_TARGET = 7.1;
				SDKROOT = iphoneos;
				VALIDATE_PRODUCT = YES;
			};
			name = Release;
		};
		41014D471AAEE0EA00EF6E21 /* Debug */ = {
			isa = XCBuildConfiguration;
			buildSettings = {
				ASSETCATALOG_COMPILER_APPICON_NAME = AppIcon;
				ASSETCATALOG_COMPILER_LAUNCHIMAGE_NAME = LaunchImage;
				GCC_PRECOMPILE_PREFIX_HEADER = YES;
				GCC_PREFIX_HEADER = "练习2/练习2-Prefix.pch";
				INFOPLIST_FILE = "练习2/练习2-Info.plist";
				PRODUCT_NAME = "$(TARGET_NAME)";
				WRAPPER_EXTENSION = app;
			};
			name = Debug;
		};
		41014D481AAEE0EA00EF6E21 /* Release */ = {
			isa = XCBuildConfiguration;
			buildSettings = {
				ASSETCATALOG_COMPILER_APPICON_NAME = AppIcon;
				ASSETCATALOG_COMPILER_LAUNCHIMAGE_NAME = LaunchImage;
				GCC_PRECOMPILE_PREFIX_HEADER = YES;
				GCC_PREFIX_HEADER = "练习2/练习2-Prefix.pch";
				INFOPLIST_FILE = "练习2/练习2-Info.plist";
				PRODUCT_NAME = "$(TARGET_NAME)";
				WRAPPER_EXTENSION = app;
			};
			name = Release;
		};
		41014D4A1AAEE0EA00EF6E21 /* Debug */ = {
			isa = XCBuildConfiguration;
			buildSettings = {
				BUNDLE_LOADER = "$(BUILT_PRODUCTS_DIR)/练习2.app/练习2";
				FRAMEWORK_SEARCH_PATHS = (
					"$(SDKROOT)/Developer/Library/Frameworks",
					"$(inherited)",
					"$(DEVELOPER_FRAMEWORKS_DIR)",
				);
				GCC_PRECOMPILE_PREFIX_HEADER = YES;
				GCC_PREFIX_HEADER = "练习2/练习2-Prefix.pch";
				GCC_PREPROCESSOR_DEFINITIONS = (
					"DEBUG=1",
					"$(inherited)",
				);
				INFOPLIST_FILE = "练习2Tests/练习2Tests-Info.plist";
				PRODUCT_NAME = "$(TARGET_NAME)";
				TEST_HOST = "$(BUNDLE_LOADER)";
				WRAPPER_EXTENSION = xctest;
			};
			name = Debug;
		};
		41014D4B1AAEE0EA00EF6E21 /* Release */ = {
			isa = XCBuildConfiguration;
			buildSettings = {
				BUNDLE_LOADER = "$(BUILT_PRODUCTS_DIR)/练习2.app/练习2";
				FRAMEWORK_SEARCH_PATHS = (
					"$(SDKROOT)/Developer/Library/Frameworks",
					"$(inherited)",
					"$(DEVELOPER_FRAMEWORKS_DIR)",
				);
				GCC_PRECOMPILE_PREFIX_HEADER = YES;
				GCC_PREFIX_HEADER = "练习2/练习2-Prefix.pch";
				INFOPLIST_FILE = "练习2Tests/练习2Tests-Info.plist";
				PRODUCT_NAME = "$(TARGET_NAME)";
				TEST_HOST = "$(BUNDLE_LOADER)";
				WRAPPER_EXTENSION = xctest;
			};
			name = Release;
		};
/* End XCBuildConfiguration section */

/* Begin XCConfigurationList section */
		41014D151AAEE0EA00EF6E21 /* Build configuration list for PBXProject "练习2" */ = {
			isa = XCConfigurationList;
			buildConfigurations = (
				41014D441AAEE0EA00EF6E21 /* Debug */,
				41014D451AAEE0EA00EF6E21 /* Release */,
			);
			defaultConfigurationIsVisible = 0;
			defaultConfigurationName = Release;
		};
		41014D461AAEE0EA00EF6E21 /* Build configuration list for PBXNativeTarget "练习2" */ = {
			isa = XCConfigurationList;
			buildConfigurations = (
				41014D471AAEE0EA00EF6E21 /* Debug */,
				41014D481AAEE0EA00EF6E21 /* Release */,
			);
			defaultConfigurationIsVisible = 0;
		};
		41014D491AAEE0EA00EF6E21 /* Build configuration list for PBXNativeTarget "练习2Tests" */ = {
			isa = XCConfigurationList;
			buildConfigurations = (
				41014D4A1AAEE0EA00EF6E21 /* Debug */,
				41014D4B1AAEE0EA00EF6E21 /* Release */,
			);
			defaultConfigurationIsVisible = 0;
		};
/* End XCConfigurationList section */
	};
	rootObject = 41014D121AAEE0E900EF6E21 /* Project object */;
}
